// !$*UTF8*$!
{
	archiveVersion = 1;
	classes = {
	};
	objectVersion = 46;
	objects = {

/* Begin PBXBuildFile section */
		851080E91CA0305300525CEC /* AppDelegate.swift in Sources */ = {isa = PBXBuildFile; fileRef = 851080E81CA0305300525CEC /* AppDelegate.swift */; };
		851080EB1CA0305300525CEC /* MasterViewController.swift in Sources */ = {isa = PBXBuildFile; fileRef = 851080EA1CA0305300525CEC /* MasterViewController.swift */; };
		851080ED1CA0305300525CEC /* DetailViewController.swift in Sources */ = {isa = PBXBuildFile; fileRef = 851080EC1CA0305300525CEC /* DetailViewController.swift */; };
		851080F01CA0305300525CEC /* Main.storyboard in Resources */ = {isa = PBXBuildFile; fileRef = 851080EE1CA0305300525CEC /* Main.storyboard */; };
		851080F21CA0305300525CEC /* Assets.xcassets in Resources */ = {isa = PBXBuildFile; fileRef = 851080F11CA0305300525CEC /* Assets.xcassets */; };
		851080F51CA0305300525CEC /* LaunchScreen.storyboard in Resources */ = {isa = PBXBuildFile; fileRef = 851080F31CA0305300525CEC /* LaunchScreen.storyboard */; };
		851081001CA0305300525CEC /* SHERPANY_UsersTests.swift in Sources */ = {isa = PBXBuildFile; fileRef = 851080FF1CA0305300525CEC /* SHERPANY_UsersTests.swift */; };
		8510810B1CA0305400525CEC /* SHERPANY_UsersUITests.swift in Sources */ = {isa = PBXBuildFile; fileRef = 8510810A1CA0305400525CEC /* SHERPANY_UsersUITests.swift */; };
/* End PBXBuildFile section */

/* Begin PBXContainerItemProxy section */
		851080FC1CA0305300525CEC /* PBXContainerItemProxy */ = {
			isa = PBXContainerItemProxy;
			containerPortal = 851080DD1CA0305300525CEC /* Project object */;
			proxyType = 1;
			remoteGlobalIDString = 851080E41CA0305300525CEC;
			remoteInfo = "SHERPANY-Users";
		};
		851081071CA0305300525CEC /* PBXContainerItemProxy */ = {
			isa = PBXContainerItemProxy;
			containerPortal = 851080DD1CA0305300525CEC /* Project object */;
			proxyType = 1;
			remoteGlobalIDString = 851080E41CA0305300525CEC;
			remoteInfo = "SHERPANY-Users";
		};
/* End PBXContainerItemProxy section */

/* Begin PBXFileReference section */
		851080E51CA0305300525CEC /* SHERPANY-Users.app */ = {isa = PBXFileReference; explicitFileType = wrapper.application; includeInIndex = 0; path = "SHERPANY-Users.app"; sourceTree = BUILT_PRODUCTS_DIR; };
		851080E81CA0305300525CEC /* AppDelegate.swift */ = {isa = PBXFileReference; lastKnownFileType = sourcecode.swift; path = AppDelegate.swift; sourceTree = "<group>"; };
		851080EA1CA0305300525CEC /* MasterViewController.swift */ = {isa = PBXFileReference; lastKnownFileType = sourcecode.swift; path = MasterViewController.swift; sourceTree = "<group>"; };
		851080EC1CA0305300525CEC /* DetailViewController.swift */ = {isa = PBXFileReference; lastKnownFileType = sourcecode.swift; path = DetailViewController.swift; sourceTree = "<group>"; };
		851080EF1CA0305300525CEC /* Base */ = {isa = PBXFileReference; lastKnownFileType = file.storyboard; name = Base; path = Base.lproj/Main.storyboard; sourceTree = "<group>"; };
		851080F11CA0305300525CEC /* Assets.xcassets */ = {isa = PBXFileReference; lastKnownFileType = folder.assetcatalog; path = Assets.xcassets; sourceTree = "<group>"; };
		851080F41CA0305300525CEC /* Base */ = {isa = PBXFileReference; lastKnownFileType = file.storyboard; name = Base; path = Base.lproj/LaunchScreen.storyboard; sourceTree = "<group>"; };
		851080F61CA0305300525CEC /* Info.plist */ = {isa = PBXFileReference; lastKnownFileType = text.plist.xml; path = Info.plist; sourceTree = "<group>"; };
		851080FB1CA0305300525CEC /* SHERPANY-UsersTests.xctest */ = {isa = PBXFileReference; explicitFileType = wrapper.cfbundle; includeInIndex = 0; path = "SHERPANY-UsersTests.xctest"; sourceTree = BUILT_PRODUCTS_DIR; };
		851080FF1CA0305300525CEC /* SHERPANY_UsersTests.swift */ = {isa = PBXFileReference; lastKnownFileType = sourcecode.swift; path = SHERPANY_UsersTests.swift; sourceTree = "<group>"; };
		851081011CA0305300525CEC /* Info.plist */ = {isa = PBXFileReference; lastKnownFileType = text.plist.xml; path = Info.plist; sourceTree = "<group>"; };
		851081061CA0305300525CEC /* SHERPANY-UsersUITests.xctest */ = {isa = PBXFileReference; explicitFileType = wrapper.cfbundle; includeInIndex = 0; path = "SHERPANY-UsersUITests.xctest"; sourceTree = BUILT_PRODUCTS_DIR; };
		8510810A1CA0305400525CEC /* SHERPANY_UsersUITests.swift */ = {isa = PBXFileReference; lastKnownFileType = sourcecode.swift; path = SHERPANY_UsersUITests.swift; sourceTree = "<group>"; };
		8510810C1CA0305400525CEC /* Info.plist */ = {isa = PBXFileReference; lastKnownFileType = text.plist.xml; path = Info.plist; sourceTree = "<group>"; };
/* End PBXFileReference section */

/* Begin PBXFrameworksBuildPhase section */
		851080E21CA0305300525CEC /* Frameworks */ = {
			isa = PBXFrameworksBuildPhase;
			buildActionMask = 2147483647;
			files = (
			);
			runOnlyForDeploymentPostprocessing = 0;
		};
		851080F81CA0305300525CEC /* Frameworks */ = {
			isa = PBXFrameworksBuildPhase;
			buildActionMask = 2147483647;
			files = (
			);
			runOnlyForDeploymentPostprocessing = 0;
		};
		851081031CA0305300525CEC /* Frameworks */ = {
			isa = PBXFrameworksBuildPhase;
			buildActionMask = 2147483647;
			files = (
			);
			runOnlyForDeploymentPostprocessing = 0;
		};
/* End PBXFrameworksBuildPhase section */

/* Begin PBXGroup section */
		851080DC1CA0305300525CEC = {
			isa = PBXGroup;
			children = (
				851080E71CA0305300525CEC /* SHERPANY-Users */,
				851080FE1CA0305300525CEC /* SHERPANY-UsersTests */,
				851081091CA0305300525CEC /* SHERPANY-UsersUITests */,
				851080E61CA0305300525CEC /* Products */,
			);
			sourceTree = "<group>";
		};
		851080E61CA0305300525CEC /* Products */ = {
			isa = PBXGroup;
			children = (
				851080E51CA0305300525CEC /* SHERPANY-Users.app */,
				851080FB1CA0305300525CEC /* SHERPANY-UsersTests.xctest */,
				851081061CA0305300525CEC /* SHERPANY-UsersUITests.xctest */,
			);
			name = Products;
			sourceTree = "<group>";
		};
		851080E71CA0305300525CEC /* SHERPANY-Users */ = {
			isa = PBXGroup;
			children = (
				851080E81CA0305300525CEC /* AppDelegate.swift */,
				851080EA1CA0305300525CEC /* MasterViewController.swift */,
				851080EC1CA0305300525CEC /* DetailViewController.swift */,
				851080EE1CA0305300525CEC /* Main.storyboard */,
				851080F11CA0305300525CEC /* Assets.xcassets */,
				851080F31CA0305300525CEC /* LaunchScreen.storyboard */,
				851080F61CA0305300525CEC /* Info.plist */,
			);
			path = "SHERPANY-Users";
			sourceTree = "<group>";
		};
		851080FE1CA0305300525CEC /* SHERPANY-UsersTests */ = {
			isa = PBXGroup;
			children = (
				851080FF1CA0305300525CEC /* SHERPANY_UsersTests.swift */,
				851081011CA0305300525CEC /* Info.plist */,
			);
			path = "SHERPANY-UsersTests";
			sourceTree = "<group>";
		};
		851081091CA0305300525CEC /* SHERPANY-UsersUITests */ = {
			isa = PBXGroup;
			children = (
				8510810A1CA0305400525CEC /* SHERPANY_UsersUITests.swift */,
				8510810C1CA0305400525CEC /* Info.plist */,
			);
			path = "SHERPANY-UsersUITests";
			sourceTree = "<group>";
		};
/* End PBXGroup section */

/* Begin PBXNativeTarget section */
		851080E41CA0305300525CEC /* SHERPANY-Users */ = {
			isa = PBXNativeTarget;
			buildConfigurationList = 8510810F1CA0305400525CEC /* Build configuration list for PBXNativeTarget "SHERPANY-Users" */;
			buildPhases = (
				851080E11CA0305300525CEC /* Sources */,
				851080E21CA0305300525CEC /* Frameworks */,
				851080E31CA0305300525CEC /* Resources */,
			);
			buildRules = (
			);
			dependencies = (
			);
			name = "SHERPANY-Users";
			productName = "SHERPANY-Users";
			productReference = 851080E51CA0305300525CEC /* SHERPANY-Users.app */;
			productType = "com.apple.product-type.application";
		};
		851080FA1CA0305300525CEC /* SHERPANY-UsersTests */ = {
			isa = PBXNativeTarget;
			buildConfigurationList = 851081121CA0305400525CEC /* Build configuration list for PBXNativeTarget "SHERPANY-UsersTests" */;
			buildPhases = (
				851080F71CA0305300525CEC /* Sources */,
				851080F81CA0305300525CEC /* Frameworks */,
				851080F91CA0305300525CEC /* Resources */,
			);
			buildRules = (
			);
			dependencies = (
				851080FD1CA0305300525CEC /* PBXTargetDependency */,
			);
			name = "SHERPANY-UsersTests";
			productName = "SHERPANY-UsersTests";
			productReference = 851080FB1CA0305300525CEC /* SHERPANY-UsersTests.xctest */;
			productType = "com.apple.product-type.bundle.unit-test";
		};
		851081051CA0305300525CEC /* SHERPANY-UsersUITests */ = {
			isa = PBXNativeTarget;
			buildConfigurationList = 851081151CA0305400525CEC /* Build configuration list for PBXNativeTarget "SHERPANY-UsersUITests" */;
			buildPhases = (
				851081021CA0305300525CEC /* Sources */,
				851081031CA0305300525CEC /* Frameworks */,
				851081041CA0305300525CEC /* Resources */,
			);
			buildRules = (
			);
			dependencies = (
				851081081CA0305300525CEC /* PBXTargetDependency */,
			);
			name = "SHERPANY-UsersUITests";
			productName = "SHERPANY-UsersUITests";
			productReference = 851081061CA0305300525CEC /* SHERPANY-UsersUITests.xctest */;
			productType = "com.apple.product-type.bundle.ui-testing";
		};
/* End PBXNativeTarget section */

/* Begin PBXProject section */
		851080DD1CA0305300525CEC /* Project object */ = {
			isa = PBXProject;
			attributes = {
				LastSwiftUpdateCheck = 0720;
				LastUpgradeCheck = 0720;
				ORGANIZATIONNAME = "Ahmed Onawale";
				TargetAttributes = {
					851080E41CA0305300525CEC = {
						CreatedOnToolsVersion = 7.2.1;
					};
					851080FA1CA0305300525CEC = {
						CreatedOnToolsVersion = 7.2.1;
						TestTargetID = 851080E41CA0305300525CEC;
					};
					851081051CA0305300525CEC = {
						CreatedOnToolsVersion = 7.2.1;
						TestTargetID = 851080E41CA0305300525CEC;
					};
				};
			};
			buildConfigurationList = 851080E01CA0305300525CEC /* Build configuration list for PBXProject "SHERPANY-Users" */;
			compatibilityVersion = "Xcode 3.2";
			developmentRegion = English;
			hasScannedForEncodings = 0;
			knownRegions = (
				en,
				Base,
			);
			mainGroup = 851080DC1CA0305300525CEC;
			productRefGroup = 851080E61CA0305300525CEC /* Products */;
			projectDirPath = "";
			projectRoot = "";
			targets = (
				851080E41CA0305300525CEC /* SHERPANY-Users */,
				851080FA1CA0305300525CEC /* SHERPANY-UsersTests */,
				851081051CA0305300525CEC /* SHERPANY-UsersUITests */,
			);
		};
/* End PBXProject section */

/* Begin PBXResourcesBuildPhase section */
		851080E31CA0305300525CEC /* Resources */ = {
			isa = PBXResourcesBuildPhase;
			buildActionMask = 2147483647;
			files = (
				851080F51CA0305300525CEC /* LaunchScreen.storyboard in Resources */,
				851080F21CA0305300525CEC /* Assets.xcassets in Resources */,
				851080F01CA0305300525CEC /* Main.storyboard in Resources */,
			);
			runOnlyForDeploymentPostprocessing = 0;
		};
		851080F91CA0305300525CEC /* Resources */ = {
			isa = PBXResourcesBuildPhase;
			buildActionMask = 2147483647;
			files = (
			);
			runOnlyForDeploymentPostprocessing = 0;
		};
		851081041CA0305300525CEC /* Resources */ = {
			isa = PBXResourcesBuildPhase;
			buildActionMask = 2147483647;
			files = (
			);
			runOnlyForDeploymentPostprocessing = 0;
		};
/* End PBXResourcesBuildPhase section */

/* Begin PBXSourcesBuildPhase section */
		851080E11CA0305300525CEC /* Sources */ = {
			isa = PBXSourcesBuildPhase;
			buildActionMask = 2147483647;
			files = (
				851080ED1CA0305300525CEC /* DetailViewController.swift in Sources */,
				851080EB1CA0305300525CEC /* MasterViewController.swift in Sources */,
				851080E91CA0305300525CEC /* AppDelegate.swift in Sources */,
			);
			runOnlyForDeploymentPostprocessing = 0;
		};
		851080F71CA0305300525CEC /* Sources */ = {
			isa = PBXSourcesBuildPhase;
			buildActionMask = 2147483647;
			files = (
				851081001CA0305300525CEC /* SHERPANY_UsersTests.swift in Sources */,
			);
			runOnlyForDeploymentPostprocessing = 0;
		};
		851081021CA0305300525CEC /* Sources */ = {
			isa = PBXSourcesBuildPhase;
			buildActionMask = 2147483647;
			files = (
				8510810B1CA0305400525CEC /* SHERPANY_UsersUITests.swift in Sources */,
			);
			runOnlyForDeploymentPostprocessing = 0;
		};
/* End PBXSourcesBuildPhase section */

/* Begin PBXTargetDependency section */
		851080FD1CA0305300525CEC /* PBXTargetDependency */ = {
			isa = PBXTargetDependency;
			target = 851080E41CA0305300525CEC /* SHERPANY-Users */;
			targetProxy = 851080FC1CA0305300525CEC /* PBXContainerItemProxy */;
		};
		851081081CA0305300525CEC /* PBXTargetDependency */ = {
			isa = PBXTargetDependency;
			target = 851080E41CA0305300525CEC /* SHERPANY-Users */;
			targetProxy = 851081071CA0305300525CEC /* PBXContainerItemProxy */;
		};
/* End PBXTargetDependency section */

/* Begin PBXVariantGroup section */
		851080EE1CA0305300525CEC /* Main.storyboard */ = {
			isa = PBXVariantGroup;
			children = (
				851080EF1CA0305300525CEC /* Base */,
			);
			name = Main.storyboard;
			sourceTree = "<group>";
		};
		851080F31CA0305300525CEC /* LaunchScreen.storyboard */ = {
			isa = PBXVariantGroup;
			children = (
				851080F41CA0305300525CEC /* Base */,
			);
			name = LaunchScreen.storyboard;
			sourceTree = "<group>";
		};
/* End PBXVariantGroup section */

/* Begin XCBuildConfiguration section */
		8510810D1CA0305400525CEC /* Debug */ = {
			isa = XCBuildConfiguration;
			buildSettings = {
				ALWAYS_SEARCH_USER_PATHS = NO;
				CLANG_CXX_LANGUAGE_STANDARD = "gnu++0x";
				CLANG_CXX_LIBRARY = "libc++";
				CLANG_ENABLE_MODULES = YES;
				CLANG_ENABLE_OBJC_ARC = YES;
				CLANG_WARN_BOOL_CONVERSION = YES;
				CLANG_WARN_CONSTANT_CONVERSION = YES;
				CLANG_WARN_DIRECT_OBJC_ISA_USAGE = YES_ERROR;
				CLANG_WARN_EMPTY_BODY = YES;
				CLANG_WARN_ENUM_CONVERSION = YES;
				CLANG_WARN_INT_CONVERSION = YES;
				CLANG_WARN_OBJC_ROOT_CLASS = YES_ERROR;
				CLANG_WARN_UNREACHABLE_CODE = YES;
				CLANG_WARN__DUPLICATE_METHOD_MATCH = YES;
				"CODE_SIGN_IDENTITY[sdk=iphoneos*]" = "iPhone Developer";
				COPY_PHASE_STRIP = NO;
				DEBUG_INFORMATION_FORMAT = dwarf;
				ENABLE_STRICT_OBJC_MSGSEND = YES;
				ENABLE_TESTABILITY = YES;
				GCC_C_LANGUAGE_STANDARD = gnu99;
				GCC_DYNAMIC_NO_PIC = NO;
				GCC_NO_COMMON_BLOCKS = YES;
				GCC_OPTIMIZATION_LEVEL = 0;
				GCC_PREPROCESSOR_DEFINITIONS = (
					"DEBUG=1",
					"$(inherited)",
				);
				GCC_WARN_64_TO_32_BIT_CONVERSION = YES;
				GCC_WARN_ABOUT_RETURN_TYPE = YES_ERROR;
				GCC_WARN_UNDECLARED_SELECTOR = YES;
				GCC_WARN_UNINITIALIZED_AUTOS = YES_AGGRESSIVE;
				GCC_WARN_UNUSED_FUNCTION = YES;
				GCC_WARN_UNUSED_VARIABLE = YES;
				IPHONEOS_DEPLOYMENT_TARGET = 9.2;
				MTL_ENABLE_DEBUG_INFO = YES;
				ONLY_ACTIVE_ARCH = YES;
				SDKROOT = iphoneos;
				SWIFT_OPTIMIZATION_LEVEL = "-Onone";
				TARGETED_DEVICE_FAMILY = "1,2";
			};
			name = Debug;
		};
		8510810E1CA0305400525CEC /* Release */ = {
			isa = XCBuildConfiguration;
			buildSettings = {
				ALWAYS_SEARCH_USER_PATHS = NO;
				CLANG_CXX_LANGUAGE_STANDARD = "gnu++0x";
				CLANG_CXX_LIBRARY = "libc++";
				CLANG_ENABLE_MODULES = YES;
				CLANG_ENABLE_OBJC_ARC = YES;
				CLANG_WARN_BOOL_CONVERSION = YES;
				CLANG_WARN_CONSTANT_CONVERSION = YES;
				CLANG_WARN_DIRECT_OBJC_ISA_USAGE = YES_ERROR;
				CLANG_WARN_EMPTY_BODY = YES;
				CLANG_WARN_ENUM_CONVERSION = YES;
				CLANG_WARN_INT_CONVERSION = YES;
				CLANG_WARN_OBJC_ROOT_CLASS = YES_ERROR;
				CLANG_WARN_UNREACHABLE_CODE = YES;
				CLANG_WARN__DUPLICATE_METHOD_MATCH = YES;
				"CODE_SIGN_IDENTITY[sdk=iphoneos*]" = "iPhone Developer";
				COPY_PHASE_STRIP = NO;
				DEBUG_INFORMATION_FORMAT = "dwarf-with-dsym";
				ENABLE_NS_ASSERTIONS = NO;
				ENABLE_STRICT_OBJC_MSGSEND = YES;
				GCC_C_LANGUAGE_STANDARD = gnu99;
				GCC_NO_COMMON_BLOCKS = YES;
				GCC_WARN_64_TO_32_BIT_CONVERSION = YES;
				GCC_WARN_ABOUT_RETURN_TYPE = YES_ERROR;
				GCC_WARN_UNDECLARED_SELECTOR = YES;
				GCC_WARN_UNINITIALIZED_AUTOS = YES_AGGRESSIVE;
				GCC_WARN_UNUSED_FUNCTION = YES;
				GCC_WARN_UNUSED_VARIABLE = YES;
				IPHONEOS_DEPLOYMENT_TARGET = 9.2;
				MTL_ENABLE_DEBUG_INFO = NO;
				SDKROOT = iphoneos;
				TARGETED_DEVICE_FAMILY = "1,2";
				VALIDATE_PRODUCT = YES;
			};
			name = Release;
		};
		851081101CA0305400525CEC /* Debug */ = {
			isa = XCBuildConfiguration;
			buildSettings = {
				ASSETCATALOG_COMPILER_APPICON_NAME = AppIcon;
				INFOPLIST_FILE = "SHERPANY-Users/Info.plist";
				LD_RUNPATH_SEARCH_PATHS = "$(inherited) @executable_path/Frameworks";
				PRODUCT_BUNDLE_IDENTIFIER = "com.ahmedonawale.SHERPANY-Users";
				PRODUCT_NAME = "$(TARGET_NAME)";
			};
			name = Debug;
		};
		851081111CA0305400525CEC /* Release */ = {
			isa = XCBuildConfiguration;
			buildSettings = {
				ASSETCATALOG_COMPILER_APPICON_NAME = AppIcon;
				INFOPLIST_FILE = "SHERPANY-Users/Info.plist";
				LD_RUNPATH_SEARCH_PATHS = "$(inherited) @executable_path/Frameworks";
				PRODUCT_BUNDLE_IDENTIFIER = "com.ahmedonawale.SHERPANY-Users";
				PRODUCT_NAME = "$(TARGET_NAME)";
			};
			name = Release;
		};
		851081131CA0305400525CEC /* Debug */ = {
			isa = XCBuildConfiguration;
			buildSettings = {
				BUNDLE_LOADER = "$(TEST_HOST)";
				INFOPLIST_FILE = "SHERPANY-UsersTests/Info.plist";
				LD_RUNPATH_SEARCH_PATHS = "$(inherited) @executable_path/Frameworks @loader_path/Frameworks";
				PRODUCT_BUNDLE_IDENTIFIER = "com.ahmedonawale.SHERPANY-UsersTests";
				PRODUCT_NAME = "$(TARGET_NAME)";
				TEST_HOST = "$(BUILT_PRODUCTS_DIR)/SHERPANY-Users.app/SHERPANY-Users";
			};
			name = Debug;
		};
		851081141CA0305400525CEC /* Release */ = {
			isa = XCBuildConfiguration;
			buildSettings = {
				BUNDLE_LOADER = "$(TEST_HOST)";
				INFOPLIST_FILE = "SHERPANY-UsersTests/Info.plist";
				LD_RUNPATH_SEARCH_PATHS = "$(inherited) @executable_path/Frameworks @loader_path/Frameworks";
				PRODUCT_BUNDLE_IDENTIFIER = "com.ahmedonawale.SHERPANY-UsersTests";
				PRODUCT_NAME = "$(TARGET_NAME)";
				TEST_HOST = "$(BUILT_PRODUCTS_DIR)/SHERPANY-Users.app/SHERPANY-Users";
			};
			name = Release;
		};
		851081161CA0305400525CEC /* Debug */ = {
			isa = XCBuildConfiguration;
			buildSettings = {
				INFOPLIST_FILE = "SHERPANY-UsersUITests/Info.plist";
				LD_RUNPATH_SEARCH_PATHS = "$(inherited) @executable_path/Frameworks @loader_path/Frameworks";
				PRODUCT_BUNDLE_IDENTIFIER = "com.ahmedonawale.SHERPANY-UsersUITests";
				PRODUCT_NAME = "$(TARGET_NAME)";
				TEST_TARGET_NAME = "SHERPANY-Users";
				USES_XCTRUNNER = YES;
			};
			name = Debug;
		};
		851081171CA0305400525CEC /* Release */ = {
			isa = XCBuildConfiguration;
			buildSettings = {
				INFOPLIST_FILE = "SHERPANY-UsersUITests/Info.plist";
				LD_RUNPATH_SEARCH_PATHS = "$(inherited) @executable_path/Frameworks @loader_path/Frameworks";
				PRODUCT_BUNDLE_IDENTIFIER = "com.ahmedonawale.SHERPANY-UsersUITests";
				PRODUCT_NAME = "$(TARGET_NAME)";
				TEST_TARGET_NAME = "SHERPANY-Users";
				USES_XCTRUNNER = YES;
			};
			name = Release;
		};
/* End XCBuildConfiguration section */

/* Begin XCConfigurationList section */
		851080E01CA0305300525CEC /* Build configuration list for PBXProject "SHERPANY-Users" */ = {
			isa = XCConfigurationList;
			buildConfigurations = (
				8510810D1CA0305400525CEC /* Debug */,
				8510810E1CA0305400525CEC /* Release */,
			);
			defaultConfigurationIsVisible = 0;
			defaultConfigurationName = Release;
		};
		8510810F1CA0305400525CEC /* Build configuration list for PBXNativeTarget "SHERPANY-Users" */ = {
			isa = XCConfigurationList;
			buildConfigurations = (
				851081101CA0305400525CEC /* Debug */,
				851081111CA0305400525CEC /* Release */,
			);
			defaultConfigurationIsVisible = 0;
		};
		851081121CA0305400525CEC /* Build configuration list for PBXNativeTarget "SHERPANY-UsersTests" */ = {
			isa = XCConfigurationList;
			buildConfigurations = (
				851081131CA0305400525CEC /* Debug */,
				851081141CA0305400525CEC /* Release */,
			);
			defaultConfigurationIsVisible = 0;
		};
		851081151CA0305400525CEC /* Build configuration list for PBXNativeTarget "SHERPANY-UsersUITests" */ = {
			isa = XCConfigurationList;
			buildConfigurations = (
				851081161CA0305400525CEC /* Debug */,
				851081171CA0305400525CEC /* Release */,
			);
			defaultConfigurationIsVisible = 0;
		};
/* End XCConfigurationList section */
	};
	rootObject = 851080DD1CA0305300525CEC /* Project object */;
}
